
Microsoft Visual Studio Solution File, Format Version 12.00
# Visual Studio 15
VisualStudioVersion = 15.0.27428.2027
MinimumVisualStudioVersion = 10.0.40219.1
Project("{FAE04EC0-301F-11D3-BF4B-00C04F79EFBC}") = "Umini", "Umini\Umini.csproj", "{6E73607A-7183-4E7A-907E-33BDE5AE9FD0}"
EndProject
Project("{FAE04EC0-301F-11D3-BF4B-00C04F79EFBC}") = "Player", "Player\Player.csproj", "{DF0D33CB-0C73-4037-84E6-07FD43F2DCAE}"
EndProject
Global
	GlobalSection(SolutionConfigurationPlatforms) = preSolution
		Debug|Any CPU = Debug|Any CPU
		Release|Any CPU = Release|Any CPU
	EndGlobalSection
	GlobalSection(ProjectConfigurationPlatforms) = postSolution
		{6E73607A-7183-4E7A-907E-33BDE5AE9FD0}.Debug|Any CPU.ActiveCfg = Debug|Any CPU
		{6E73607A-7183-4E7A-907E-33BDE5AE9FD0}.Debug|Any CPU.Build.0 = Debug|Any CPU
		{6E73607A-7183-4E7A-907E-33BDE5AE9FD0}.Release|Any CPU.ActiveCfg = Release|Any CPU
		{6E73607A-7183-4E7A-907E-33BDE5AE9FD0}.Release|Any CPU.Build.0 = Release|Any CPU
		{DF0D33CB-0C73-4037-84E6-07FD43F2DCAE}.Debug|Any CPU.ActiveCfg = Debug|Any CPU
		{DF0D33CB-0C73-4037-84E6-07FD43F2DCAE}.Debug|Any CPU.Build.0 = Debug|Any CPU
		{DF0D33CB-0C73-4037-84E6-07FD43F2DCAE}.Release|Any CPU.ActiveCfg = Release|Any CPU
		{DF0D33CB-0C73-4037-84E6-07FD43F2DCAE}.Release|Any CPU.Build.0 = Release|Any CPU
	EndGlobalSection
	GlobalSection(SolutionProperties) = preSolution
		HideSolutionNode = FALSE
	EndGlobalSection
	GlobalSection(ExtensibilityGlobals) = postSolution
		SolutionGuid = {1E301E2B-AC16-4091-8C90-3BA478F9E69F}
	EndGlobalSection
EndGlobal
